
Microsoft Visual Studio Solution File, Format Version 12.00
# Visual Studio 15
VisualStudioVersion = 15.0.27004.2002
MinimumVisualStudioVersion = 10.0.40219.1
Project("{FAE04EC0-301F-11D3-BF4B-00C04F79EFBC}") = "ClosePrompt", "ClosePrompt\ClosePrompt.csproj", "{0BA3D1A1-171F-475F-B8B4-D4C130BF6794}"
EndProject
Global
	GlobalSection(SolutionConfigurationPlatforms) = preSolution
		Debug|Any CPU = Debug|Any CPU
		Release|Any CPU = Release|Any CPU
	EndGlobalSection
	GlobalSection(ProjectConfigurationPlatforms) = postSolution
		{0BA3D1A1-171F-475F-B8B4-D4C130BF6794}.Debug|Any CPU.ActiveCfg = Debug|Any CPU
		{0BA3D1A1-171F-475F-B8B4-D4C130BF6794}.Debug|Any CPU.Build.0 = Debug|Any CPU
		{0BA3D1A1-171F-475F-B8B4-D4C130BF6794}.Release|Any CPU.ActiveCfg = Release|Any CPU
		{0BA3D1A1-171F-475F-B8B4-D4C130BF6794}.Release|Any CPU.Build.0 = Release|Any CPU
	EndGlobalSection
	GlobalSection(SolutionProperties) = preSolution
		HideSolutionNode = FALSE
	EndGlobalSection
	GlobalSection(ExtensibilityGlobals) = postSolution
		SolutionGuid = {AAB660CC-3B31-4572-82A5-A2AE6DF7B257}
	EndGlobalSection
EndGlobal
